
Microsoft Visual Studio Solution File, Format Version 12.00
# Visual Studio Version 17
VisualStudioVersion = 17.12.35728.132
MinimumVisualStudioVersion = 10.0.40219.1
Project("{FAE04EC0-301F-11D3-BF4B-00C04F79EFBC}") = "Presentation", "Presentation\Presentation.csproj", "{CBB77481-33DC-4D82-9448-581717647EE4}"
EndProject
Project("{FAE04EC0-301F-11D3-BF4B-00C04F79EFBC}") = "Data", "Data\Data.csproj", "{51732996-D68F-4527-A6AD-667F3EBCB45B}"
EndProject
Project("{FAE04EC0-301F-11D3-BF4B-00C04F79EFBC}") = "Domain", "Domain\Domain.csproj", "{70225704-4369-4C67-A23B-797BB19C4428}"
EndProject
Project("{FAE04EC0-301F-11D3-BF4B-00C04F79EFBC}") = "Business", "Business\Business.csproj", "{515CF410-9E57-44FB-93BD-4B85AA25CB26}"
EndProject
Global
	GlobalSection(SolutionConfigurationPlatforms) = preSolution
		Debug|Any CPU = Debug|Any CPU
		Release|Any CPU = Release|Any CPU
	EndGlobalSection
	GlobalSection(ProjectConfigurationPlatforms) = postSolution
		{CBB77481-33DC-4D82-9448-581717647EE4}.Debug|Any CPU.ActiveCfg = Debug|Any CPU
		{CBB77481-33DC-4D82-9448-581717647EE4}.Debug|Any CPU.Build.0 = Debug|Any CPU
		{CBB77481-33DC-4D82-9448-581717647EE4}.Release|Any CPU.ActiveCfg = Release|Any CPU
		{CBB77481-33DC-4D82-9448-581717647EE4}.Release|Any CPU.Build.0 = Release|Any CPU
		{51732996-D68F-4527-A6AD-667F3EBCB45B}.Debug|Any CPU.ActiveCfg = Debug|Any CPU
		{51732996-D68F-4527-A6AD-667F3EBCB45B}.Debug|Any CPU.Build.0 = Debug|Any CPU
		{51732996-D68F-4527-A6AD-667F3EBCB45B}.Release|Any CPU.ActiveCfg = Release|Any CPU
		{51732996-D68F-4527-A6AD-667F3EBCB45B}.Release|Any CPU.Build.0 = Release|Any CPU
		{70225704-4369-4C67-A23B-797BB19C4428}.Debug|Any CPU.ActiveCfg = Debug|Any CPU
		{70225704-4369-4C67-A23B-797BB19C4428}.Debug|Any CPU.Build.0 = Debug|Any CPU
		{70225704-4369-4C67-A23B-797BB19C4428}.Release|Any CPU.ActiveCfg = Release|Any CPU
		{70225704-4369-4C67-A23B-797BB19C4428}.Release|Any CPU.Build.0 = Release|Any CPU
		{515CF410-9E57-44FB-93BD-4B85AA25CB26}.Debug|Any CPU.ActiveCfg = Debug|Any CPU
		{515CF410-9E57-44FB-93BD-4B85AA25CB26}.Debug|Any CPU.Build.0 = Debug|Any CPU
		{515CF410-9E57-44FB-93BD-4B85AA25CB26}.Release|Any CPU.ActiveCfg = Release|Any CPU
		{515CF410-9E57-44FB-93BD-4B85AA25CB26}.Release|Any CPU.Build.0 = Release|Any CPU
	EndGlobalSection
	GlobalSection(SolutionProperties) = preSolution
		HideSolutionNode = FALSE
	EndGlobalSection
EndGlobal
